{
  "name": "@lazyingart/lazyedit",
  "version": "0.1.0",
  "lockfileVersion": 3,
  "requires": true,
  "packages": {
    "": {
      "name": "@lazyingart/lazyedit",
      "version": "0.1.0",
      "bin": {
        "lazyedit": "scripts/npm/lazyedit-cli.js"
      },
      "engines": {
        "node": ">=20",
        "npm": ">=10"
      }
    }
  }
}
